
Microsoft Visual Studio Solution File, Format Version 12.00
# Visual Studio Version 16
VisualStudioVersion = 16.0.31025.194
MinimumVisualStudioVersion = 10.0.40219.1
Project("{FAE04EC0-301F-11D3-BF4B-00C04F79EFBC}") = "Card Game", "Card Game\Card Game.csproj", "{75263511-7C4D-42B3-A399-0DEF6293B8EA}"
EndProject
Global
	GlobalSection(SolutionConfigurationPlatforms) = preSolution
		Debug|Any CPU = Debug|Any CPU
		Release|Any CPU = Release|Any CPU
	EndGlobalSection
	GlobalSection(ProjectConfigurationPlatforms) = postSolution
		{75263511-7C4D-42B3-A399-0DEF6293B8EA}.Debug|Any CPU.ActiveCfg = Debug|Any CPU
		{75263511-7C4D-42B3-A399-0DEF6293B8EA}.Debug|Any CPU.Build.0 = Debug|Any CPU
		{75263511-7C4D-42B3-A399-0DEF6293B8EA}.Release|Any CPU.ActiveCfg = Release|Any CPU
		{75263511-7C4D-42B3-A399-0DEF6293B8EA}.Release|Any CPU.Build.0 = Release|Any CPU
	EndGlobalSection
	GlobalSection(SolutionProperties) = preSolution
		HideSolutionNode = FALSE
	EndGlobalSection
	GlobalSection(ExtensibilityGlobals) = postSolution
		SolutionGuid = {380A23BD-B9C4-413D-9A77-A4F0B54835C4}
	EndGlobalSection
EndGlobal
